
Microsoft Visual Studio Solution File, Format Version 12.00
# Visual Studio 15
VisualStudioVersion = 15.0.28307.645
MinimumVisualStudioVersion = 10.0.40219.1
Project("{2150E333-8FDC-42A3-9474-1A3956D46DE8}") = "Team IHOMP Final", "Team IHOMP Final", "{2A317BB4-83DD-464F-93BA-AFAC3CB87A2F}"
EndProject
Project("{2150E333-8FDC-42A3-9474-1A3956D46DE8}") = "EBC Library", "EBC Library", "{D57A6DF8-F9FC-4449-B26A-B1D83E53E5F0}"
EndProject
Project("{2150E333-8FDC-42A3-9474-1A3956D46DE8}") = "Programs", "Programs", "{13E12764-A677-4587-BCCB-62F5DF2710FE}"
EndProject
Project("{FAE04EC0-301F-11D3-BF4B-00C04F79EFBC}") = "EBCLib", "..\EBC Library\EBCLib\EBCLib\EBCLib.csproj", "{D8506693-58CA-4AC2-B9B7-CC1A7057623C}"
EndProject
Project("{FAE04EC0-301F-11D3-BF4B-00C04F79EFBC}") = "EBCLibUI", "..\EBC Library\EBCLib\EBCLibUI\EBCLibUI.csproj", "{21EFB90F-BCC8-43C3-9DFE-81738E2FA283}"
EndProject
Project("{FAE04EC0-301F-11D3-BF4B-00C04F79EFBC}") = "IHOMPLibFinal", "..\Team IHOMP Final\IHOMPLibFinal\IHOMPLibFinal\IHOMPLibFinal.csproj", "{4EC33DFF-D664-47F2-9793-F21BAF99054E}"
EndProject
Project("{2150E333-8FDC-42A3-9474-1A3956D46DE8}") = "Installers", "Installers", "{2EF0D19A-C9B1-4CE3-A5C3-15E765FD7912}"
EndProject
Project("{2150E333-8FDC-42A3-9474-1A3956D46DE8}") = "Programs", "Programs", "{6D969DFF-46C8-4954-AD78-2EE6CC555F98}"
EndProject
Project("{2150E333-8FDC-42A3-9474-1A3956D46DE8}") = "HRIS", "HRIS", "{604F8AB1-24BC-4921-A56B-7179BCCC41B1}"
EndProject
Project("{2150E333-8FDC-42A3-9474-1A3956D46DE8}") = "Modules", "Modules", "{CC5CB3B5-02A7-499B-9C01-06CC3A6B2325}"
EndProject
Project("{2150E333-8FDC-42A3-9474-1A3956D46DE8}") = "Flexitime Biometric", "Flexitime Biometric", "{F32D843A-5789-4189-8EE4-3F619EEC54B4}"
EndProject
Project("{2150E333-8FDC-42A3-9474-1A3956D46DE8}") = "Biometric Registration System", "Biometric Registration System", "{138A1F18-F67D-4685-8754-67F1AA2E03FA}"
EndProject
Project("{2150E333-8FDC-42A3-9474-1A3956D46DE8}") = "Dental Information System", "Dental Information System", "{1091CE81-6148-4338-AC29-5BEFB769382F}"
EndProject
Project("{FAE04EC0-301F-11D3-BF4B-00C04F79EFBC}") = "HRISLib", "..\Team IHOMP Final\HRIS\HRISLib\HRISLib.csproj", "{8E890D50-99C1-4430-B5C7-C297E6139EC0}"
EndProject
Project("{FAE04EC0-301F-11D3-BF4B-00C04F79EFBC}") = "HRISUsers", "..\Team IHOMP Final\HRIS\HRISUSers\HRISUsers.csproj", "{34F06ACB-283F-449A-A2CB-3E1F00A15FD7}"
EndProject
Project("{FAE04EC0-301F-11D3-BF4B-00C04F79EFBC}") = "HRISEmployees", "..\Team IHOMP Final\HRIS\HRISEmployees\HRISEmployees.csproj", "{B8FD4ED1-7CB7-4DD3-B538-17C6E2BCA4FB}"
EndProject
Project("{FAE04EC0-301F-11D3-BF4B-00C04F79EFBC}") = "HRISBioLib", "..\Team IHOMP Final\HRIS\HRISBioLib\HRISBioLib.csproj", "{0F5A8D82-4DFC-40C8-BC85-CB7D47EABEE0}"
EndProject
Project("{FAE04EC0-301F-11D3-BF4B-00C04F79EFBC}") = "HRIS", "..\Team IHOMP Final\HRIS\HRIS\HRIS.csproj", "{370DBA71-B3D8-4F7D-8664-975091581D1C}"
EndProject
Project("{FAE04EC0-301F-11D3-BF4B-00C04F79EFBC}") = "ThreeWayBiometric", "..\Team IHOMP Final\ThreeWayBiometric\ThreeWayBiometric\ThreeWayBiometric.csproj", "{CAA4B496-B292-46B4-9486-5925EC03B81C}"
EndProject
Project("{FAE04EC0-301F-11D3-BF4B-00C04F79EFBC}") = "BiometricRegister", "..\Team IHOMP Final\ThreeWayBiometric\BiometricRegister\BiometricRegister.csproj", "{69E8C5DD-DEEC-445A-B6A6-13129DB7704F}"
EndProject
Project("{FAE04EC0-301F-11D3-BF4B-00C04F79EFBC}") = "DentalInfoSys", "..\DentalInfoSys\DentalInfoSys\DentalInfoSys.csproj", "{02EEDBE2-B947-4180-8ADC-3FE377302728}"
EndProject
Global
	GlobalSection(SolutionConfigurationPlatforms) = preSolution
		Debug|Any CPU = Debug|Any CPU
		Release|Any CPU = Release|Any CPU
	EndGlobalSection
	GlobalSection(ProjectConfigurationPlatforms) = postSolution
		{D8506693-58CA-4AC2-B9B7-CC1A7057623C}.Debug|Any CPU.ActiveCfg = Debug|Any CPU
		{D8506693-58CA-4AC2-B9B7-CC1A7057623C}.Debug|Any CPU.Build.0 = Debug|Any CPU
		{D8506693-58CA-4AC2-B9B7-CC1A7057623C}.Release|Any CPU.ActiveCfg = Release|Any CPU
		{D8506693-58CA-4AC2-B9B7-CC1A7057623C}.Release|Any CPU.Build.0 = Release|Any CPU
		{21EFB90F-BCC8-43C3-9DFE-81738E2FA283}.Debug|Any CPU.ActiveCfg = Debug|Any CPU
		{21EFB90F-BCC8-43C3-9DFE-81738E2FA283}.Debug|Any CPU.Build.0 = Debug|Any CPU
		{21EFB90F-BCC8-43C3-9DFE-81738E2FA283}.Release|Any CPU.ActiveCfg = Release|Any CPU
		{21EFB90F-BCC8-43C3-9DFE-81738E2FA283}.Release|Any CPU.Build.0 = Release|Any CPU
		{4EC33DFF-D664-47F2-9793-F21BAF99054E}.Debug|Any CPU.ActiveCfg = Debug|Any CPU
		{4EC33DFF-D664-47F2-9793-F21BAF99054E}.Debug|Any CPU.Build.0 = Debug|Any CPU
		{4EC33DFF-D664-47F2-9793-F21BAF99054E}.Release|Any CPU.ActiveCfg = Release|Any CPU
		{4EC33DFF-D664-47F2-9793-F21BAF99054E}.Release|Any CPU.Build.0 = Release|Any CPU
		{8E890D50-99C1-4430-B5C7-C297E6139EC0}.Debug|Any CPU.ActiveCfg = Debug|Any CPU
		{8E890D50-99C1-4430-B5C7-C297E6139EC0}.Debug|Any CPU.Build.0 = Debug|Any CPU
		{8E890D50-99C1-4430-B5C7-C297E6139EC0}.Release|Any CPU.ActiveCfg = Release|Any CPU
		{8E890D50-99C1-4430-B5C7-C297E6139EC0}.Release|Any CPU.Build.0 = Release|Any CPU
		{34F06ACB-283F-449A-A2CB-3E1F00A15FD7}.Debug|Any CPU.ActiveCfg = Debug|Any CPU
		{34F06ACB-283F-449A-A2CB-3E1F00A15FD7}.Debug|Any CPU.Build.0 = Debug|Any CPU
		{34F06ACB-283F-449A-A2CB-3E1F00A15FD7}.Release|Any CPU.ActiveCfg = Release|Any CPU
		{34F06ACB-283F-449A-A2CB-3E1F00A15FD7}.Release|Any CPU.Build.0 = Release|Any CPU
		{B8FD4ED1-7CB7-4DD3-B538-17C6E2BCA4FB}.Debug|Any CPU.ActiveCfg = Debug|Any CPU
		{B8FD4ED1-7CB7-4DD3-B538-17C6E2BCA4FB}.Debug|Any CPU.Build.0 = Debug|Any CPU
		{B8FD4ED1-7CB7-4DD3-B538-17C6E2BCA4FB}.Release|Any CPU.ActiveCfg = Release|Any CPU
		{B8FD4ED1-7CB7-4DD3-B538-17C6E2BCA4FB}.Release|Any CPU.Build.0 = Release|Any CPU
		{0F5A8D82-4DFC-40C8-BC85-CB7D47EABEE0}.Debug|Any CPU.ActiveCfg = Debug|Any CPU
		{0F5A8D82-4DFC-40C8-BC85-CB7D47EABEE0}.Debug|Any CPU.Build.0 = Debug|Any CPU
		{0F5A8D82-4DFC-40C8-BC85-CB7D47EABEE0}.Release|Any CPU.ActiveCfg = Release|Any CPU
		{0F5A8D82-4DFC-40C8-BC85-CB7D47EABEE0}.Release|Any CPU.Build.0 = Release|Any CPU
		{370DBA71-B3D8-4F7D-8664-975091581D1C}.Debug|Any CPU.ActiveCfg = Debug|Any CPU
		{370DBA71-B3D8-4F7D-8664-975091581D1C}.Debug|Any CPU.Build.0 = Debug|Any CPU
		{370DBA71-B3D8-4F7D-8664-975091581D1C}.Release|Any CPU.ActiveCfg = Release|Any CPU
		{370DBA71-B3D8-4F7D-8664-975091581D1C}.Release|Any CPU.Build.0 = Release|Any CPU
		{CAA4B496-B292-46B4-9486-5925EC03B81C}.Debug|Any CPU.ActiveCfg = Debug|Any CPU
		{CAA4B496-B292-46B4-9486-5925EC03B81C}.Debug|Any CPU.Build.0 = Debug|Any CPU
		{CAA4B496-B292-46B4-9486-5925EC03B81C}.Release|Any CPU.ActiveCfg = Release|Any CPU
		{CAA4B496-B292-46B4-9486-5925EC03B81C}.Release|Any CPU.Build.0 = Release|Any CPU
		{69E8C5DD-DEEC-445A-B6A6-13129DB7704F}.Debug|Any CPU.ActiveCfg = Debug|Any CPU
		{69E8C5DD-DEEC-445A-B6A6-13129DB7704F}.Debug|Any CPU.Build.0 = Debug|Any CPU
		{69E8C5DD-DEEC-445A-B6A6-13129DB7704F}.Release|Any CPU.ActiveCfg = Release|Any CPU
		{69E8C5DD-DEEC-445A-B6A6-13129DB7704F}.Release|Any CPU.Build.0 = Release|Any CPU
		{02EEDBE2-B947-4180-8ADC-3FE377302728}.Debug|Any CPU.ActiveCfg = Debug|Any CPU
		{02EEDBE2-B947-4180-8ADC-3FE377302728}.Debug|Any CPU.Build.0 = Debug|Any CPU
		{02EEDBE2-B947-4180-8ADC-3FE377302728}.Release|Any CPU.ActiveCfg = Release|Any CPU
		{02EEDBE2-B947-4180-8ADC-3FE377302728}.Release|Any CPU.Build.0 = Release|Any CPU
	EndGlobalSection
	GlobalSection(SolutionProperties) = preSolution
		HideSolutionNode = FALSE
	EndGlobalSection
	GlobalSection(NestedProjects) = preSolution
		{D8506693-58CA-4AC2-B9B7-CC1A7057623C} = {D57A6DF8-F9FC-4449-B26A-B1D83E53E5F0}
		{21EFB90F-BCC8-43C3-9DFE-81738E2FA283} = {D57A6DF8-F9FC-4449-B26A-B1D83E53E5F0}
		{4EC33DFF-D664-47F2-9793-F21BAF99054E} = {2A317BB4-83DD-464F-93BA-AFAC3CB87A2F}
		{6D969DFF-46C8-4954-AD78-2EE6CC555F98} = {2A317BB4-83DD-464F-93BA-AFAC3CB87A2F}
		{604F8AB1-24BC-4921-A56B-7179BCCC41B1} = {6D969DFF-46C8-4954-AD78-2EE6CC555F98}
		{CC5CB3B5-02A7-499B-9C01-06CC3A6B2325} = {604F8AB1-24BC-4921-A56B-7179BCCC41B1}
		{F32D843A-5789-4189-8EE4-3F619EEC54B4} = {6D969DFF-46C8-4954-AD78-2EE6CC555F98}
		{138A1F18-F67D-4685-8754-67F1AA2E03FA} = {6D969DFF-46C8-4954-AD78-2EE6CC555F98}
		{1091CE81-6148-4338-AC29-5BEFB769382F} = {13E12764-A677-4587-BCCB-62F5DF2710FE}
		{8E890D50-99C1-4430-B5C7-C297E6139EC0} = {CC5CB3B5-02A7-499B-9C01-06CC3A6B2325}
		{34F06ACB-283F-449A-A2CB-3E1F00A15FD7} = {CC5CB3B5-02A7-499B-9C01-06CC3A6B2325}
		{B8FD4ED1-7CB7-4DD3-B538-17C6E2BCA4FB} = {CC5CB3B5-02A7-499B-9C01-06CC3A6B2325}
		{0F5A8D82-4DFC-40C8-BC85-CB7D47EABEE0} = {F32D843A-5789-4189-8EE4-3F619EEC54B4}
		{370DBA71-B3D8-4F7D-8664-975091581D1C} = {604F8AB1-24BC-4921-A56B-7179BCCC41B1}
		{CAA4B496-B292-46B4-9486-5925EC03B81C} = {F32D843A-5789-4189-8EE4-3F619EEC54B4}
		{69E8C5DD-DEEC-445A-B6A6-13129DB7704F} = {138A1F18-F67D-4685-8754-67F1AA2E03FA}
		{02EEDBE2-B947-4180-8ADC-3FE377302728} = {1091CE81-6148-4338-AC29-5BEFB769382F}
	EndGlobalSection
	GlobalSection(ExtensibilityGlobals) = postSolution
		SolutionGuid = {0E9BBFEE-EF8E-4D25-8B31-AE742F033021}
	EndGlobalSection
EndGlobal
